
Microsoft Visual Studio Solution File, Format Version 12.00
# Visual Studio Version 17
VisualStudioVersion = 17.10.35013.160
MinimumVisualStudioVersion = 10.0.40219.1
Project("{9A19103F-16F7-4668-BE54-9A1E7A4F7556}") = "EventRegistrationApp", "EventRegistrationApp\EventRegistrationApp\EventRegistrationApp.csproj", "{B3EF10B1-A2AC-411B-AC22-A569280F826F}"
EndProject
Project("{9A19103F-16F7-4668-BE54-9A1E7A4F7556}") = "EventRegistrationApp.Client", "EventRegistrationApp\EventRegistrationApp.Client\EventRegistrationApp.Client.csproj", "{E1DA760B-24CD-4DA7-BF9A-DFD0959512F7}"
EndProject
Global
	GlobalSection(SolutionConfigurationPlatforms) = preSolution
		Debug|Any CPU = Debug|Any CPU
		Release|Any CPU = Release|Any CPU
	EndGlobalSection
	GlobalSection(ProjectConfigurationPlatforms) = postSolution
		{B3EF10B1-A2AC-411B-AC22-A569280F826F}.Debug|Any CPU.ActiveCfg = Debug|Any CPU
		{B3EF10B1-A2AC-411B-AC22-A569280F826F}.Debug|Any CPU.Build.0 = Debug|Any CPU
		{B3EF10B1-A2AC-411B-AC22-A569280F826F}.Release|Any CPU.ActiveCfg = Release|Any CPU
		{B3EF10B1-A2AC-411B-AC22-A569280F826F}.Release|Any CPU.Build.0 = Release|Any CPU
		{E1DA760B-24CD-4DA7-BF9A-DFD0959512F7}.Debug|Any CPU.ActiveCfg = Debug|Any CPU
		{E1DA760B-24CD-4DA7-BF9A-DFD0959512F7}.Debug|Any CPU.Build.0 = Debug|Any CPU
		{E1DA760B-24CD-4DA7-BF9A-DFD0959512F7}.Release|Any CPU.ActiveCfg = Release|Any CPU
		{E1DA760B-24CD-4DA7-BF9A-DFD0959512F7}.Release|Any CPU.Build.0 = Release|Any CPU
	EndGlobalSection
	GlobalSection(SolutionProperties) = preSolution
		HideSolutionNode = FALSE
	EndGlobalSection
	GlobalSection(ExtensibilityGlobals) = postSolution
		SolutionGuid = {B622AF96-3468-494F-B57C-6709CFE1CBB4}
	EndGlobalSection
EndGlobal
