
Microsoft Visual Studio Solution File, Format Version 12.00
# Visual Studio Version 17
VisualStudioVersion = 17.9.34728.123
MinimumVisualStudioVersion = 10.0.40219.1
Project("{9A19103F-16F7-4668-BE54-9A1E7A4F7556}") = "OptimizingSQLQuery", "OptimizatingSQLQuery\OptimizingSQLQuery.csproj", "{D785BF32-7720-4250-B634-7419166B633E}"
EndProject
Global
	GlobalSection(SolutionConfigurationPlatforms) = preSolution
		Debug|Any CPU = Debug|Any CPU
		Release|Any CPU = Release|Any CPU
	EndGlobalSection
	GlobalSection(ProjectConfigurationPlatforms) = postSolution
		{D785BF32-7720-4250-B634-7419166B633E}.Debug|Any CPU.ActiveCfg = Debug|Any CPU
		{D785BF32-7720-4250-B634-7419166B633E}.Debug|Any CPU.Build.0 = Debug|Any CPU
		{D785BF32-7720-4250-B634-7419166B633E}.Release|Any CPU.ActiveCfg = Release|Any CPU
		{D785BF32-7720-4250-B634-7419166B633E}.Release|Any CPU.Build.0 = Release|Any CPU
	EndGlobalSection
	GlobalSection(SolutionProperties) = preSolution
		HideSolutionNode = FALSE
	EndGlobalSection
	GlobalSection(ExtensibilityGlobals) = postSolution
		SolutionGuid = {71A2A0B1-F2CB-4D1B-8AC7-7160FC4EF799}
	EndGlobalSection
EndGlobal
